
Microsoft Visual Studio Solution File, Format Version 12.00
# Visual Studio Version 17
VisualStudioVersion = 17.12.35728.132 d17.12
MinimumVisualStudioVersion = 10.0.40219.1
Project("{FAE04EC0-301F-11D3-BF4B-00C04F79EFBC}") = "LinqTut11", "LinqTut11.csproj", "{F18B5C55-5F53-480D-809D-F16E11933818}"
EndProject
Project("{FAE04EC0-301F-11D3-BF4B-00C04F79EFBC}") = "Shared", "..\Shared\Shared.csproj", "{F9A7DD29-152E-4DAE-88A3-43E7D9594F04}"
EndProject
Global
	GlobalSection(SolutionConfigurationPlatforms) = preSolution
		Debug|Any CPU = Debug|Any CPU
		Release|Any CPU = Release|Any CPU
	EndGlobalSection
	GlobalSection(ProjectConfigurationPlatforms) = postSolution
		{F18B5C55-5F53-480D-809D-F16E11933818}.Debug|Any CPU.ActiveCfg = Debug|Any CPU
		{F18B5C55-5F53-480D-809D-F16E11933818}.Debug|Any CPU.Build.0 = Debug|Any CPU
		{F18B5C55-5F53-480D-809D-F16E11933818}.Release|Any CPU.ActiveCfg = Release|Any CPU
		{F18B5C55-5F53-480D-809D-F16E11933818}.Release|Any CPU.Build.0 = Release|Any CPU
		{F9A7DD29-152E-4DAE-88A3-43E7D9594F04}.Debug|Any CPU.ActiveCfg = Debug|Any CPU
		{F9A7DD29-152E-4DAE-88A3-43E7D9594F04}.Debug|Any CPU.Build.0 = Debug|Any CPU
		{F9A7DD29-152E-4DAE-88A3-43E7D9594F04}.Release|Any CPU.ActiveCfg = Release|Any CPU
		{F9A7DD29-152E-4DAE-88A3-43E7D9594F04}.Release|Any CPU.Build.0 = Release|Any CPU
	EndGlobalSection
	GlobalSection(SolutionProperties) = preSolution
		HideSolutionNode = FALSE
	EndGlobalSection
EndGlobal
