
Microsoft Visual Studio Solution File, Format Version 12.00
# Visual Studio Version 17
VisualStudioVersion = 17.12.35728.132
MinimumVisualStudioVersion = 10.0.40219.1
Project("{FAE04EC0-301F-11D3-BF4B-00C04F79EFBC}") = "LinqTut09", "LinqTut09.csproj", "{E6B373C5-16CD-4973-8B95-BB46A6AC8055}"
EndProject
Project("{FAE04EC0-301F-11D3-BF4B-00C04F79EFBC}") = "LINQTut09.Shared", "..\LINQTut09.Shared\LINQTut09.Shared.csproj", "{AB94F39A-F724-4F08-B4E9-408035AFA09B}"
EndProject
Global
	GlobalSection(SolutionConfigurationPlatforms) = preSolution
		Debug|Any CPU = Debug|Any CPU
		Release|Any CPU = Release|Any CPU
	EndGlobalSection
	GlobalSection(ProjectConfigurationPlatforms) = postSolution
		{E6B373C5-16CD-4973-8B95-BB46A6AC8055}.Debug|Any CPU.ActiveCfg = Debug|Any CPU
		{E6B373C5-16CD-4973-8B95-BB46A6AC8055}.Debug|Any CPU.Build.0 = Debug|Any CPU
		{E6B373C5-16CD-4973-8B95-BB46A6AC8055}.Release|Any CPU.ActiveCfg = Release|Any CPU
		{E6B373C5-16CD-4973-8B95-BB46A6AC8055}.Release|Any CPU.Build.0 = Release|Any CPU
		{AB94F39A-F724-4F08-B4E9-408035AFA09B}.Debug|Any CPU.ActiveCfg = Debug|Any CPU
		{AB94F39A-F724-4F08-B4E9-408035AFA09B}.Debug|Any CPU.Build.0 = Debug|Any CPU
		{AB94F39A-F724-4F08-B4E9-408035AFA09B}.Release|Any CPU.ActiveCfg = Release|Any CPU
		{AB94F39A-F724-4F08-B4E9-408035AFA09B}.Release|Any CPU.Build.0 = Release|Any CPU
	EndGlobalSection
	GlobalSection(SolutionProperties) = preSolution
		HideSolutionNode = FALSE
	EndGlobalSection
EndGlobal
