
Microsoft Visual Studio Solution File, Format Version 12.00
# Visual Studio Version 17
VisualStudioVersion = 17.12.35728.132
MinimumVisualStudioVersion = 10.0.40219.1
Project("{FAE04EC0-301F-11D3-BF4B-00C04F79EFBC}") = "CoreOfLinq003", "CoreOfLinq003.csproj", "{97EB41E2-D980-4FF1-811E-D6A8B8A10E8C}"
EndProject
Project("{FAE04EC0-301F-11D3-BF4B-00C04F79EFBC}") = "linq.Ex01", "..\linq.Ex01\linq.Ex01.csproj", "{358BFA71-901A-47D4-A900-DFA74CE18078}"
EndProject
Project("{FAE04EC0-301F-11D3-BF4B-00C04F79EFBC}") = "linq.Ex02", "..\linq.Ex02\linq.Ex02.csproj", "{3BB33574-6FDE-4C0A-8FE6-9A3E34999589}"
EndProject
Project("{FAE04EC0-301F-11D3-BF4B-00C04F79EFBC}") = "linq.Ex03", "..\linq.Ex03\linq.Ex03.csproj", "{3C6C69E3-73F7-4957-88F2-CF7AA12AB014}"
EndProject
Global
	GlobalSection(SolutionConfigurationPlatforms) = preSolution
		Debug|Any CPU = Debug|Any CPU
		Release|Any CPU = Release|Any CPU
	EndGlobalSection
	GlobalSection(ProjectConfigurationPlatforms) = postSolution
		{97EB41E2-D980-4FF1-811E-D6A8B8A10E8C}.Debug|Any CPU.ActiveCfg = Debug|Any CPU
		{97EB41E2-D980-4FF1-811E-D6A8B8A10E8C}.Debug|Any CPU.Build.0 = Debug|Any CPU
		{97EB41E2-D980-4FF1-811E-D6A8B8A10E8C}.Release|Any CPU.ActiveCfg = Release|Any CPU
		{97EB41E2-D980-4FF1-811E-D6A8B8A10E8C}.Release|Any CPU.Build.0 = Release|Any CPU
		{358BFA71-901A-47D4-A900-DFA74CE18078}.Debug|Any CPU.ActiveCfg = Debug|Any CPU
		{358BFA71-901A-47D4-A900-DFA74CE18078}.Debug|Any CPU.Build.0 = Debug|Any CPU
		{358BFA71-901A-47D4-A900-DFA74CE18078}.Release|Any CPU.ActiveCfg = Release|Any CPU
		{358BFA71-901A-47D4-A900-DFA74CE18078}.Release|Any CPU.Build.0 = Release|Any CPU
		{3BB33574-6FDE-4C0A-8FE6-9A3E34999589}.Debug|Any CPU.ActiveCfg = Debug|Any CPU
		{3BB33574-6FDE-4C0A-8FE6-9A3E34999589}.Debug|Any CPU.Build.0 = Debug|Any CPU
		{3BB33574-6FDE-4C0A-8FE6-9A3E34999589}.Release|Any CPU.ActiveCfg = Release|Any CPU
		{3BB33574-6FDE-4C0A-8FE6-9A3E34999589}.Release|Any CPU.Build.0 = Release|Any CPU
		{3C6C69E3-73F7-4957-88F2-CF7AA12AB014}.Debug|Any CPU.ActiveCfg = Debug|Any CPU
		{3C6C69E3-73F7-4957-88F2-CF7AA12AB014}.Debug|Any CPU.Build.0 = Debug|Any CPU
		{3C6C69E3-73F7-4957-88F2-CF7AA12AB014}.Release|Any CPU.ActiveCfg = Release|Any CPU
		{3C6C69E3-73F7-4957-88F2-CF7AA12AB014}.Release|Any CPU.Build.0 = Release|Any CPU
	EndGlobalSection
	GlobalSection(SolutionProperties) = preSolution
		HideSolutionNode = FALSE
	EndGlobalSection
EndGlobal
